
Microsoft Visual Studio Solution File, Format Version 12.00
# Visual Studio Version 16
VisualStudioVersion = 16.0.29920.165
MinimumVisualStudioVersion = 10.0.40219.1
Project("{FAE04EC0-301F-11D3-BF4B-00C04F79EFBC}") = "SatWatcher", "SatWatcher.csproj", "{20E624EE-E9B4-4407-B66A-13EA19A247F7}"
EndProject
Project("{54435603-DBB4-11D2-8724-00A0C9A8B90C}") = "SatWatcher.Setup", "..\SatWatcher.Setup\SatWatcher.Setup.vdproj", "{8996F525-040C-4D23-B4B3-90834B1934B0}"
EndProject
Global
	GlobalSection(SolutionConfigurationPlatforms) = preSolution
		Debug|Any CPU = Debug|Any CPU
		Release|Any CPU = Release|Any CPU
	EndGlobalSection
	GlobalSection(ProjectConfigurationPlatforms) = postSolution
		{20E624EE-E9B4-4407-B66A-13EA19A247F7}.Debug|Any CPU.ActiveCfg = Debug|Any CPU
		{20E624EE-E9B4-4407-B66A-13EA19A247F7}.Debug|Any CPU.Build.0 = Debug|Any CPU
		{20E624EE-E9B4-4407-B66A-13EA19A247F7}.Release|Any CPU.ActiveCfg = Release|Any CPU
		{20E624EE-E9B4-4407-B66A-13EA19A247F7}.Release|Any CPU.Build.0 = Release|Any CPU
		{8996F525-040C-4D23-B4B3-90834B1934B0}.Debug|Any CPU.ActiveCfg = Debug
		{8996F525-040C-4D23-B4B3-90834B1934B0}.Release|Any CPU.ActiveCfg = Release
	EndGlobalSection
	GlobalSection(SolutionProperties) = preSolution
		HideSolutionNode = FALSE
	EndGlobalSection
	GlobalSection(ExtensibilityGlobals) = postSolution
		SolutionGuid = {D3EFEB32-DB9F-4A05-9807-864195125B1D}
	EndGlobalSection
EndGlobal
